<?xml version="1.0" encoding="utf-8"?>
<Project ToolsVersion="4.0" xmlns="http://schemas.microsoft.com/developer/msbuild/2003">
  <ItemGroup>
    <Filter Include="Header Files">
      <UniqueIdentifier>{93995380-89BD-4b04-88EB-625FBE52EBFB}</UniqueIdentifier>
      <Extensions>h;hh;hpp;hxx;hm;inl;inc;xsd</Extensions>
    </Filter>
    <Filter Include="FENParser">
      <UniqueIdentifier>{aaea95a8-fce7-43c2-b329-3df00ca814d2}</UniqueIdentifier>
    </Filter>
    <Filter Include="Chess">
      <UniqueIdentifier>{364c3e25-4090-4c5e-8973-8bd162f70987}</UniqueIdentifier>
    </Filter>
    <Filter Include="Brain">
      <UniqueIdentifier>{3ee42c6f-e619-4629-8029-e3d7d50a7837}</UniqueIdentifier>
    </Filter>
    <Filter Include="Helpers">
      <UniqueIdentifier>{e172cf4b-7491-45c5-a356-855a7ebe3ee7}</UniqueIdentifier>
    </Filter>
    <Filter Include="GameState">
      <UniqueIdentifier>{2216525e-a5e5-414e-82ba-aa1627d92a3b}</UniqueIdentifier>
    </Filter>
  </ItemGroup>
  <ItemGroup>
    <ClInclude Include="stdafx.h">
      <Filter>Header Files</Filter>
    </ClInclude>
    <ClInclude Include="targetver.h">
      <Filter>Header Files</Filter>
    </ClInclude>
    <ClInclude Include="typedef.h">
      <Filter>Header Files</Filter>
    </ClInclude>
    <ClInclude Include="FENParser.h">
      <Filter>FENParser</Filter>
    </ClInclude>
    <ClInclude Include="Pieces.h">
      <Filter>Chess</Filter>
    </ClInclude>
    <ClInclude Include="Board.h">
      <Filter>Chess</Filter>
    </ClInclude>
    <ClInclude Include="GambitEngine.h" />
    <ClInclude Include="Bitboard.h">
      <Filter>Chess</Filter>
    </ClInclude>
    <ClInclude Include="MoveGenerator.h">
      <Filter>Brain</Filter>
    </ClInclude>
    <ClInclude Include="BitMath.h">
      <Filter>Helpers</Filter>
    </ClInclude>
    <ClInclude Include="GameState.h">
      <Filter>GameState</Filter>
    </ClInclude>
  </ItemGroup>
  <ItemGroup>
    <ClCompile Include="FENParser.cpp">
      <Filter>FENParser</Filter>
    </ClCompile>
    <ClCompile Include="Board.cpp">
      <Filter>Chess</Filter>
    </ClCompile>
    <ClCompile Include="GambitEngine.cpp" />
    <ClCompile Include="stdafx.cpp">
      <Filter>Header Files</Filter>
    </ClCompile>
    <ClCompile Include="Bitboard.cpp">
      <Filter>Chess</Filter>
    </ClCompile>
    <ClCompile Include="MoveGenerator.cpp">
      <Filter>Brain</Filter>
    </ClCompile>
    <ClCompile Include="Pieces.cpp">
      <Filter>Chess</Filter>
    </ClCompile>
    <ClCompile Include="GameState.cpp">
      <Filter>GameState</Filter>
    </ClCompile>
  </ItemGroup>
  <ItemGroup>
    <None Include="..\..\README.md" />
  </ItemGroup>
</Project>